{
  "name": "azartcake",
  "version": "1.0.0",
  "lockfileVersion": 2,
  "requires": true,
  "packages": {
    "": {
      "version": "1.0.0",
      "license": "ISC",
      "dependencies": {
        "nouislider": "^15.2.0"
      }
    },
    "node_modules/nouislider": {
      "version": "15.2.0",
      "resolved": "https://registry.npmjs.org/nouislider/-/nouislider-15.2.0.tgz",
      "integrity": "sha512-LoZwN+wwU+z/0/UtjQY8VUcVElFJX6GfHkgJ5z1NIt/+KpOsjxEW4EAtBkBWvHNxf9HBzR62K6ft9NpNBkA5/w=="
    }
  },
  "dependencies": {
    "nouislider": {
      "version": "15.2.0",
      "resolved": "https://registry.npmjs.org/nouislider/-/nouislider-15.2.0.tgz",
      "integrity": "sha512-LoZwN+wwU+z/0/UtjQY8VUcVElFJX6GfHkgJ5z1NIt/+KpOsjxEW4EAtBkBWvHNxf9HBzR62K6ft9NpNBkA5/w=="
    }
  }
}
